
Microsoft Visual Studio Solution File, Format Version 12.00
# Visual Studio Version 16
VisualStudioVersion = 16.0.28803.156
MinimumVisualStudioVersion = 10.0.40219.1
Project("{FAE04EC0-301F-11D3-BF4B-00C04F79EFBC}") = "RabbitHoleSharp", "RabbitHoleSharp\RabbitHoleSharp.csproj", "{03BAA073-A313-441F-9156-0A921BDFCC91}"
EndProject
Project("{FAE04EC0-301F-11D3-BF4B-00C04F79EFBC}") = "RabbitHoleMado", "RabbitHoleMado\RabbitHoleMado.csproj", "{A394667F-411E-48B5-97E1-F8F70523FAB8}"
EndProject
Global
	GlobalSection(SolutionConfigurationPlatforms) = preSolution
		Debug|Any CPU = Debug|Any CPU
		Debug|x64 = Debug|x64
		Release|Any CPU = Release|Any CPU
		Release|x64 = Release|x64
	EndGlobalSection
	GlobalSection(ProjectConfigurationPlatforms) = postSolution
		{03BAA073-A313-441F-9156-0A921BDFCC91}.Debug|Any CPU.ActiveCfg = Debug|Any CPU
		{03BAA073-A313-441F-9156-0A921BDFCC91}.Debug|Any CPU.Build.0 = Debug|Any CPU
		{03BAA073-A313-441F-9156-0A921BDFCC91}.Debug|x64.ActiveCfg = Debug|x64
		{03BAA073-A313-441F-9156-0A921BDFCC91}.Debug|x64.Build.0 = Debug|x64
		{03BAA073-A313-441F-9156-0A921BDFCC91}.Release|Any CPU.ActiveCfg = Release|Any CPU
		{03BAA073-A313-441F-9156-0A921BDFCC91}.Release|Any CPU.Build.0 = Release|Any CPU
		{03BAA073-A313-441F-9156-0A921BDFCC91}.Release|x64.ActiveCfg = Release|x64
		{03BAA073-A313-441F-9156-0A921BDFCC91}.Release|x64.Build.0 = Release|x64
		{A394667F-411E-48B5-97E1-F8F70523FAB8}.Debug|Any CPU.ActiveCfg = Debug|Any CPU
		{A394667F-411E-48B5-97E1-F8F70523FAB8}.Debug|Any CPU.Build.0 = Debug|Any CPU
		{A394667F-411E-48B5-97E1-F8F70523FAB8}.Debug|x64.ActiveCfg = Debug|x64
		{A394667F-411E-48B5-97E1-F8F70523FAB8}.Debug|x64.Build.0 = Debug|x64
		{A394667F-411E-48B5-97E1-F8F70523FAB8}.Release|Any CPU.ActiveCfg = Release|Any CPU
		{A394667F-411E-48B5-97E1-F8F70523FAB8}.Release|Any CPU.Build.0 = Release|Any CPU
		{A394667F-411E-48B5-97E1-F8F70523FAB8}.Release|x64.ActiveCfg = Release|x64
		{A394667F-411E-48B5-97E1-F8F70523FAB8}.Release|x64.Build.0 = Release|x64
	EndGlobalSection
	GlobalSection(SolutionProperties) = preSolution
		HideSolutionNode = FALSE
	EndGlobalSection
	GlobalSection(ExtensibilityGlobals) = postSolution
		SolutionGuid = {CD279513-6F08-49D1-9911-CB0966B2DD09}
	EndGlobalSection
EndGlobal
